// !$*UTF8*$!
{
	archiveVersion = 1;
	classes = {
	};
	objectVersion = 50;
	objects = {

/* Begin PBXBuildFile section */
		40237E8223D8183E008FA39B /* AppDelegate.swift in Sources */ = {isa = PBXBuildFile; fileRef = 40237E8123D8183E008FA39B /* AppDelegate.swift */; };
		40237E8423D8183E008FA39B /* ViewController.swift in Sources */ = {isa = PBXBuildFile; fileRef = 40237E8323D8183E008FA39B /* ViewController.swift */; };
		40237E8723D8183E008FA39B /* Main.storyboard in Resources */ = {isa = PBXBuildFile; fileRef = 40237E8523D8183E008FA39B /* Main.storyboard */; };
		40237E8A23D8183F008FA39B /* Products.xcdatamodeld in Sources */ = {isa = PBXBuildFile; fileRef = 40237E8823D8183F008FA39B /* Products.xcdatamodeld */; };
		40237E8C23D81840008FA39B /* Assets.xcassets in Resources */ = {isa = PBXBuildFile; fileRef = 40237E8B23D81840008FA39B /* Assets.xcassets */; };
		40237E8F23D81840008FA39B /* LaunchScreen.storyboard in Resources */ = {isa = PBXBuildFile; fileRef = 40237E8D23D81840008FA39B /* LaunchScreen.storyboard */; };
		40237E9D23D86330008FA39B /* TableControllerTableViewController.swift in Sources */ = {isa = PBXBuildFile; fileRef = 40237E9C23D86330008FA39B /* TableControllerTableViewController.swift */; };
		40237E9F23D86BE0008FA39B /* Item_DataViewController.swift in Sources */ = {isa = PBXBuildFile; fileRef = 40237E9E23D86BE0008FA39B /* Item_DataViewController.swift */; };
/* End PBXBuildFile section */

/* Begin PBXFileReference section */
		40237E7E23D8183E008FA39B /* Products.app */ = {isa = PBXFileReference; explicitFileType = wrapper.application; includeInIndex = 0; path = Products.app; sourceTree = BUILT_PRODUCTS_DIR; };
		40237E8123D8183E008FA39B /* AppDelegate.swift */ = {isa = PBXFileReference; lastKnownFileType = sourcecode.swift; path = AppDelegate.swift; sourceTree = "<group>"; };
		40237E8323D8183E008FA39B /* ViewController.swift */ = {isa = PBXFileReference; lastKnownFileType = sourcecode.swift; path = ViewController.swift; sourceTree = "<group>"; };
		40237E8623D8183E008FA39B /* Base */ = {isa = PBXFileReference; lastKnownFileType = file.storyboard; name = Base; path = Base.lproj/Main.storyboard; sourceTree = "<group>"; };
		40237E8923D8183F008FA39B /* Products.xcdatamodel */ = {isa = PBXFileReference; lastKnownFileType = wrapper.xcdatamodel; path = Products.xcdatamodel; sourceTree = "<group>"; };
		40237E8B23D81840008FA39B /* Assets.xcassets */ = {isa = PBXFileReference; lastKnownFileType = folder.assetcatalog; path = Assets.xcassets; sourceTree = "<group>"; };
		40237E8E23D81840008FA39B /* Base */ = {isa = PBXFileReference; lastKnownFileType = file.storyboard; name = Base; path = Base.lproj/LaunchScreen.storyboard; sourceTree = "<group>"; };
		40237E9023D81840008FA39B /* Info.plist */ = {isa = PBXFileReference; lastKnownFileType = text.plist.xml; path = Info.plist; sourceTree = "<group>"; };
		40237E9C23D86330008FA39B /* TableControllerTableViewController.swift */ = {isa = PBXFileReference; lastKnownFileType = sourcecode.swift; path = TableControllerTableViewController.swift; sourceTree = "<group>"; };
		40237E9E23D86BE0008FA39B /* Item_DataViewController.swift */ = {isa = PBXFileReference; lastKnownFileType = sourcecode.swift; path = Item_DataViewController.swift; sourceTree = "<group>"; };
/* End PBXFileReference section */

/* Begin PBXFrameworksBuildPhase section */
		40237E7B23D8183E008FA39B /* Frameworks */ = {
			isa = PBXFrameworksBuildPhase;
			buildActionMask = 2147483647;
			files = (
			);
			runOnlyForDeploymentPostprocessing = 0;
		};
/* End PBXFrameworksBuildPhase section */

/* Begin PBXGroup section */
		40237E7523D8183E008FA39B = {
			isa = PBXGroup;
			children = (
				40237E8023D8183E008FA39B /* Products */,
				40237E9E23D86BE0008FA39B /* Item_DataViewController.swift */,
				40237E9C23D86330008FA39B /* TableControllerTableViewController.swift */,
				40237E7F23D8183E008FA39B /* Products */,
			);
			sourceTree = "<group>";
		};
		40237E7F23D8183E008FA39B /* Products */ = {
			isa = PBXGroup;
			children = (
				40237E7E23D8183E008FA39B /* Products.app */,
			);
			name = Products;
			sourceTree = "<group>";
		};
		40237E8023D8183E008FA39B /* Products */ = {
			isa = PBXGroup;
			children = (
				40237E8123D8183E008FA39B /* AppDelegate.swift */,
				40237E8323D8183E008FA39B /* ViewController.swift */,
				40237E8523D8183E008FA39B /* Main.storyboard */,
				40237E8B23D81840008FA39B /* Assets.xcassets */,
				40237E8D23D81840008FA39B /* LaunchScreen.storyboard */,
				40237E9023D81840008FA39B /* Info.plist */,
				40237E8823D8183F008FA39B /* Products.xcdatamodeld */,
			);
			path = Products;
			sourceTree = "<group>";
		};
/* End PBXGroup section */

/* Begin PBXNativeTarget section */
		40237E7D23D8183E008FA39B /* Products */ = {
			isa = PBXNativeTarget;
			buildConfigurationList = 40237E9323D81840008FA39B /* Build configuration list for PBXNativeTarget "Products" */;
			buildPhases = (
				40237E7A23D8183E008FA39B /* Sources */,
				40237E7B23D8183E008FA39B /* Frameworks */,
				40237E7C23D8183E008FA39B /* Resources */,
			);
			buildRules = (
			);
			dependencies = (
			);
			name = Products;
			productName = Products;
			productReference = 40237E7E23D8183E008FA39B /* Products.app */;
			productType = "com.apple.product-type.application";
		};
/* End PBXNativeTarget section */

/* Begin PBXProject section */
		40237E7623D8183E008FA39B /* Project object */ = {
			isa = PBXProject;
			attributes = {
				LastSwiftUpdateCheck = 1010;
				LastUpgradeCheck = 1010;
				ORGANIZATIONNAME = Nuclei;
				TargetAttributes = {
					40237E7D23D8183E008FA39B = {
						CreatedOnToolsVersion = 10.1;
					};
				};
			};
			buildConfigurationList = 40237E7923D8183E008FA39B /* Build configuration list for PBXProject "Products" */;
			compatibilityVersion = "Xcode 9.3";
			developmentRegion = en;
			hasScannedForEncodings = 0;
			knownRegions = (
				en,
				Base,
			);
			mainGroup = 40237E7523D8183E008FA39B;
			productRefGroup = 40237E7F23D8183E008FA39B /* Products */;
			projectDirPath = "";
			projectRoot = "";
			targets = (
				40237E7D23D8183E008FA39B /* Products */,
			);
		};
/* End PBXProject section */

/* Begin PBXResourcesBuildPhase section */
		40237E7C23D8183E008FA39B /* Resources */ = {
			isa = PBXResourcesBuildPhase;
			buildActionMask = 2147483647;
			files = (
				40237E8F23D81840008FA39B /* LaunchScreen.storyboard in Resources */,
				40237E8C23D81840008FA39B /* Assets.xcassets in Resources */,
				40237E8723D8183E008FA39B /* Main.storyboard in Resources */,
			);
			runOnlyForDeploymentPostprocessing = 0;
		};
/* End PBXResourcesBuildPhase section */

/* Begin PBXSourcesBuildPhase section */
		40237E7A23D8183E008FA39B /* Sources */ = {
			isa = PBXSourcesBuildPhase;
			buildActionMask = 2147483647;
			files = (
				40237E8423D8183E008FA39B /* ViewController.swift in Sources */,
				40237E8223D8183E008FA39B /* AppDelegate.swift in Sources */,
				40237E9F23D86BE0008FA39B /* Item_DataViewController.swift in Sources */,
				40237E8A23D8183F008FA39B /* Products.xcdatamodeld in Sources */,
				40237E9D23D86330008FA39B /* TableControllerTableViewController.swift in Sources */,
			);
			runOnlyForDeploymentPostprocessing = 0;
		};
/* End PBXSourcesBuildPhase section */

/* Begin PBXVariantGroup section */
		40237E8523D8183E008FA39B /* Main.storyboard */ = {
			isa = PBXVariantGroup;
			children = (
				40237E8623D8183E008FA39B /* Base */,
			);
			name = Main.storyboard;
			sourceTree = "<group>";
		};
		40237E8D23D81840008FA39B /* LaunchScreen.storyboard */ = {
			isa = PBXVariantGroup;
			children = (
				40237E8E23D81840008FA39B /* Base */,
			);
			name = LaunchScreen.storyboard;
			sourceTree = "<group>";
		};
/* End PBXVariantGroup section */

/* Begin XCBuildConfiguration section */
		40237E9123D81840008FA39B /* Debug */ = {
			isa = XCBuildConfiguration;
			buildSettings = {
				ALWAYS_SEARCH_USER_PATHS = NO;
				CLANG_ANALYZER_NONNULL = YES;
				CLANG_ANALYZER_NUMBER_OBJECT_CONVERSION = YES_AGGRESSIVE;
				CLANG_CXX_LANGUAGE_STANDARD = "gnu++14";
				CLANG_CXX_LIBRARY = "libc++";
				CLANG_ENABLE_MODULES = YES;
				CLANG_ENABLE_OBJC_ARC = YES;
				CLANG_ENABLE_OBJC_WEAK = YES;
				CLANG_WARN_BLOCK_CAPTURE_AUTORELEASING = YES;
				CLANG_WARN_BOOL_CONVERSION = YES;
				CLANG_WARN_COMMA = YES;
				CLANG_WARN_CONSTANT_CONVERSION = YES;
				CLANG_WARN_DEPRECATED_OBJC_IMPLEMENTATIONS = YES;
				CLANG_WARN_DIRECT_OBJC_ISA_USAGE = YES_ERROR;
				CLANG_WARN_DOCUMENTATION_COMMENTS = YES;
				CLANG_WARN_EMPTY_BODY = YES;
				CLANG_WARN_ENUM_CONVERSION = YES;
				CLANG_WARN_INFINITE_RECURSION = YES;
				CLANG_WARN_INT_CONVERSION = YES;
				CLANG_WARN_NON_LITERAL_NULL_CONVERSION = YES;
				CLANG_WARN_OBJC_IMPLICIT_RETAIN_SELF = YES;
				CLANG_WARN_OBJC_LITERAL_CONVERSION = YES;
				CLANG_WARN_OBJC_ROOT_CLASS = YES_ERROR;
				CLANG_WARN_RANGE_LOOP_ANALYSIS = YES;
				CLANG_WARN_STRICT_PROTOTYPES = YES;
				CLANG_WARN_SUSPICIOUS_MOVE = YES;
				CLANG_WARN_UNGUARDED_AVAILABILITY = YES_AGGRESSIVE;
				CLANG_WARN_UNREACHABLE_CODE = YES;
				CLANG_WARN__DUPLICATE_METHOD_MATCH = YES;
				CODE_SIGN_IDENTITY = "iPhone Developer";
				COPY_PHASE_STRIP = NO;
				DEBUG_INFORMATION_FORMAT = dwarf;
				ENABLE_STRICT_OBJC_MSGSEND = YES;
				ENABLE_TESTABILITY = YES;
				GCC_C_LANGUAGE_STANDARD = gnu11;
				GCC_DYNAMIC_NO_PIC = NO;
				GCC_NO_COMMON_BLOCKS = YES;
				GCC_OPTIMIZATION_LEVEL = 0;
				GCC_PREPROCESSOR_DEFINITIONS = (
					"DEBUG=1",
					"$(inherited)",
				);
				GCC_WARN_64_TO_32_BIT_CONVERSION = YES;
				GCC_WARN_ABOUT_RETURN_TYPE = YES_ERROR;
				GCC_WARN_UNDECLARED_SELECTOR = YES;
				GCC_WARN_UNINITIALIZED_AUTOS = YES_AGGRESSIVE;
				GCC_WARN_UNUSED_FUNCTION = YES;
				GCC_WARN_UNUSED_VARIABLE = YES;
				IPHONEOS_DEPLOYMENT_TARGET = 12.1;
				MTL_ENABLE_DEBUG_INFO = INCLUDE_SOURCE;
				MTL_FAST_MATH = YES;
				ONLY_ACTIVE_ARCH = YES;
				SDKROOT = iphoneos;
				SWIFT_ACTIVE_COMPILATION_CONDITIONS = DEBUG;
				SWIFT_OPTIMIZATION_LEVEL = "-Onone";
			};
			name = Debug;
		};
		40237E9223D81840008FA39B /* Release */ = {
			isa = XCBuildConfiguration;
			buildSettings = {
				ALWAYS_SEARCH_USER_PATHS = NO;
				CLANG_ANALYZER_NONNULL = YES;
				CLANG_ANALYZER_NUMBER_OBJECT_CONVERSION = YES_AGGRESSIVE;
				CLANG_CXX_LANGUAGE_STANDARD = "gnu++14";
				CLANG_CXX_LIBRARY = "libc++";
				CLANG_ENABLE_MODULES = YES;
				CLANG_ENABLE_OBJC_ARC = YES;
				CLANG_ENABLE_OBJC_WEAK = YES;
				CLANG_WARN_BLOCK_CAPTURE_AUTORELEASING = YES;
				CLANG_WARN_BOOL_CONVERSION = YES;
				CLANG_WARN_COMMA = YES;
				CLANG_WARN_CONSTANT_CONVERSION = YES;
				CLANG_WARN_DEPRECATED_OBJC_IMPLEMENTATIONS = YES;
				CLANG_WARN_DIRECT_OBJC_ISA_USAGE = YES_ERROR;
				CLANG_WARN_DOCUMENTATION_COMMENTS = YES;
				CLANG_WARN_EMPTY_BODY = YES;
				CLANG_WARN_ENUM_CONVERSION = YES;
				CLANG_WARN_INFINITE_RECURSION = YES;
				CLANG_WARN_INT_CONVERSION = YES;
				CLANG_WARN_NON_LITERAL_NULL_CONVERSION = YES;
				CLANG_WARN_OBJC_IMPLICIT_RETAIN_SELF = YES;
				CLANG_WARN_OBJC_LITERAL_CONVERSION = YES;
				CLANG_WARN_OBJC_ROOT_CLASS = YES_ERROR;
				CLANG_WARN_RANGE_LOOP_ANALYSIS = YES;
				CLANG_WARN_STRICT_PROTOTYPES = YES;
				CLANG_WARN_SUSPICIOUS_MOVE = YES;
				CLANG_WARN_UNGUARDED_AVAILABILITY = YES_AGGRESSIVE;
				CLANG_WARN_UNREACHABLE_CODE = YES;
				CLANG_WARN__DUPLICATE_METHOD_MATCH = YES;
				CODE_SIGN_IDENTITY = "iPhone Developer";
				COPY_PHASE_STRIP = NO;
				DEBUG_INFORMATION_FORMAT = "dwarf-with-dsym";
				ENABLE_NS_ASSERTIONS = NO;
				ENABLE_STRICT_OBJC_MSGSEND = YES;
				GCC_C_LANGUAGE_STANDARD = gnu11;
				GCC_NO_COMMON_BLOCKS = YES;
				GCC_WARN_64_TO_32_BIT_CONVERSION = YES;
				GCC_WARN_ABOUT_RETURN_TYPE = YES_ERROR;
				GCC_WARN_UNDECLARED_SELECTOR = YES;
				GCC_WARN_UNINITIALIZED_AUTOS = YES_AGGRESSIVE;
				GCC_WARN_UNUSED_FUNCTION = YES;
				GCC_WARN_UNUSED_VARIABLE = YES;
				IPHONEOS_DEPLOYMENT_TARGET = 12.1;
				MTL_ENABLE_DEBUG_INFO = NO;
				MTL_FAST_MATH = YES;
				SDKROOT = iphoneos;
				SWIFT_COMPILATION_MODE = wholemodule;
				SWIFT_OPTIMIZATION_LEVEL = "-O";
				VALIDATE_PRODUCT = YES;
			};
			name = Release;
		};
		40237E9423D81840008FA39B /* Debug */ = {
			isa = XCBuildConfiguration;
			buildSettings = {
				ASSETCATALOG_COMPILER_APPICON_NAME = AppIcon;
				CODE_SIGN_STYLE = Automatic;
				INFOPLIST_FILE = Products/Info.plist;
				LD_RUNPATH_SEARCH_PATHS = (
					"$(inherited)",
					"@executable_path/Frameworks",
				);
				PRODUCT_BUNDLE_IDENTIFIER = com.nuclei.Products;
				PRODUCT_NAME = "$(TARGET_NAME)";
				SWIFT_VERSION = 4.2;
				TARGETED_DEVICE_FAMILY = "1,2";
			};
			name = Debug;
		};
		40237E9523D81840008FA39B /* Release */ = {
			isa = XCBuildConfiguration;
			buildSettings = {
				ASSETCATALOG_COMPILER_APPICON_NAME = AppIcon;
				CODE_SIGN_STYLE = Automatic;
				INFOPLIST_FILE = Products/Info.plist;
				LD_RUNPATH_SEARCH_PATHS = (
					"$(inherited)",
					"@executable_path/Frameworks",
				);
				PRODUCT_BUNDLE_IDENTIFIER = com.nuclei.Products;
				PRODUCT_NAME = "$(TARGET_NAME)";
				SWIFT_VERSION = 4.2;
				TARGETED_DEVICE_FAMILY = "1,2";
			};
			name = Release;
		};
/* End XCBuildConfiguration section */

/* Begin XCConfigurationList section */
		40237E7923D8183E008FA39B /* Build configuration list for PBXProject "Products" */ = {
			isa = XCConfigurationList;
			buildConfigurations = (
				40237E9123D81840008FA39B /* Debug */,
				40237E9223D81840008FA39B /* Release */,
			);
			defaultConfigurationIsVisible = 0;
			defaultConfigurationName = Release;
		};
		40237E9323D81840008FA39B /* Build configuration list for PBXNativeTarget "Products" */ = {
			isa = XCConfigurationList;
			buildConfigurations = (
				40237E9423D81840008FA39B /* Debug */,
				40237E9523D81840008FA39B /* Release */,
			);
			defaultConfigurationIsVisible = 0;
			defaultConfigurationName = Release;
		};
/* End XCConfigurationList section */

/* Begin XCVersionGroup section */
		40237E8823D8183F008FA39B /* Products.xcdatamodeld */ = {
			isa = XCVersionGroup;
			children = (
				40237E8923D8183F008FA39B /* Products.xcdatamodel */,
			);
			currentVersion = 40237E8923D8183F008FA39B /* Products.xcdatamodel */;
			path = Products.xcdatamodeld;
			sourceTree = "<group>";
			versionGroupType = wrapper.xcdatamodel;
		};
/* End XCVersionGroup section */
	};
	rootObject = 40237E7623D8183E008FA39B /* Project object */;
}
