// !$*UTF8*$!
{
	archiveVersion = 1;
	classes = {
	};
	objectVersion = 50;
	objects = {

/* Begin PBXBuildFile section */
		40046E4323E1BEC90075EE97 /* AppDelegate.swift in Sources */ = {isa = PBXBuildFile; fileRef = 40046E4223E1BEC90075EE97 /* AppDelegate.swift */; };
		40046E4523E1BEC90075EE97 /* ViewController.swift in Sources */ = {isa = PBXBuildFile; fileRef = 40046E4423E1BEC90075EE97 /* ViewController.swift */; };
		40046E4823E1BEC90075EE97 /* Main.storyboard in Resources */ = {isa = PBXBuildFile; fileRef = 40046E4623E1BEC90075EE97 /* Main.storyboard */; };
		40046E4B23E1BEC90075EE97 /* Weather.xcdatamodeld in Sources */ = {isa = PBXBuildFile; fileRef = 40046E4923E1BEC90075EE97 /* Weather.xcdatamodeld */; };
		40046E4D23E1BECB0075EE97 /* Assets.xcassets in Resources */ = {isa = PBXBuildFile; fileRef = 40046E4C23E1BECB0075EE97 /* Assets.xcassets */; };
		40046E5023E1BECB0075EE97 /* LaunchScreen.storyboard in Resources */ = {isa = PBXBuildFile; fileRef = 40046E4E23E1BECB0075EE97 /* LaunchScreen.storyboard */; };
		40046E5823E1BEE20075EE97 /* WeatherGetter.swift in Sources */ = {isa = PBXBuildFile; fileRef = 40046E5723E1BEE20075EE97 /* WeatherGetter.swift */; };
		4068125923E2BD9E00AAEC5B /* dataModel.swift in Sources */ = {isa = PBXBuildFile; fileRef = 4068125823E2BD9E00AAEC5B /* dataModel.swift */; };
/* End PBXBuildFile section */

/* Begin PBXFileReference section */
		40046E3F23E1BEC90075EE97 /* Weather.app */ = {isa = PBXFileReference; explicitFileType = wrapper.application; includeInIndex = 0; path = Weather.app; sourceTree = BUILT_PRODUCTS_DIR; };
		40046E4223E1BEC90075EE97 /* AppDelegate.swift */ = {isa = PBXFileReference; lastKnownFileType = sourcecode.swift; path = AppDelegate.swift; sourceTree = "<group>"; };
		40046E4423E1BEC90075EE97 /* ViewController.swift */ = {isa = PBXFileReference; lastKnownFileType = sourcecode.swift; path = ViewController.swift; sourceTree = "<group>"; };
		40046E4723E1BEC90075EE97 /* Base */ = {isa = PBXFileReference; lastKnownFileType = file.storyboard; name = Base; path = Base.lproj/Main.storyboard; sourceTree = "<group>"; };
		40046E4A23E1BEC90075EE97 /* Weather.xcdatamodel */ = {isa = PBXFileReference; lastKnownFileType = wrapper.xcdatamodel; path = Weather.xcdatamodel; sourceTree = "<group>"; };
		40046E4C23E1BECB0075EE97 /* Assets.xcassets */ = {isa = PBXFileReference; lastKnownFileType = folder.assetcatalog; path = Assets.xcassets; sourceTree = "<group>"; };
		40046E4F23E1BECB0075EE97 /* Base */ = {isa = PBXFileReference; lastKnownFileType = file.storyboard; name = Base; path = Base.lproj/LaunchScreen.storyboard; sourceTree = "<group>"; };
		40046E5123E1BECB0075EE97 /* Info.plist */ = {isa = PBXFileReference; lastKnownFileType = text.plist.xml; path = Info.plist; sourceTree = "<group>"; };
		40046E5723E1BEE20075EE97 /* WeatherGetter.swift */ = {isa = PBXFileReference; lastKnownFileType = sourcecode.swift; path = WeatherGetter.swift; sourceTree = "<group>"; };
		4068125823E2BD9E00AAEC5B /* dataModel.swift */ = {isa = PBXFileReference; lastKnownFileType = sourcecode.swift; path = dataModel.swift; sourceTree = "<group>"; };
/* End PBXFileReference section */

/* Begin PBXFrameworksBuildPhase section */
		40046E3C23E1BEC90075EE97 /* Frameworks */ = {
			isa = PBXFrameworksBuildPhase;
			buildActionMask = 2147483647;
			files = (
			);
			runOnlyForDeploymentPostprocessing = 0;
		};
/* End PBXFrameworksBuildPhase section */

/* Begin PBXGroup section */
		40046E3623E1BEC90075EE97 = {
			isa = PBXGroup;
			children = (
				40046E4123E1BEC90075EE97 /* Weather */,
				40046E4023E1BEC90075EE97 /* Products */,
			);
			sourceTree = "<group>";
		};
		40046E4023E1BEC90075EE97 /* Products */ = {
			isa = PBXGroup;
			children = (
				40046E3F23E1BEC90075EE97 /* Weather.app */,
			);
			name = Products;
			sourceTree = "<group>";
		};
		40046E4123E1BEC90075EE97 /* Weather */ = {
			isa = PBXGroup;
			children = (
				40046E4223E1BEC90075EE97 /* AppDelegate.swift */,
				40046E4423E1BEC90075EE97 /* ViewController.swift */,
				40046E4623E1BEC90075EE97 /* Main.storyboard */,
				40046E4C23E1BECB0075EE97 /* Assets.xcassets */,
				40046E4E23E1BECB0075EE97 /* LaunchScreen.storyboard */,
				40046E5123E1BECB0075EE97 /* Info.plist */,
				40046E4923E1BEC90075EE97 /* Weather.xcdatamodeld */,
				40046E5723E1BEE20075EE97 /* WeatherGetter.swift */,
				4068125823E2BD9E00AAEC5B /* dataModel.swift */,
			);
			path = Weather;
			sourceTree = "<group>";
		};
/* End PBXGroup section */

/* Begin PBXNativeTarget section */
		40046E3E23E1BEC90075EE97 /* Weather */ = {
			isa = PBXNativeTarget;
			buildConfigurationList = 40046E5423E1BECB0075EE97 /* Build configuration list for PBXNativeTarget "Weather" */;
			buildPhases = (
				40046E3B23E1BEC90075EE97 /* Sources */,
				40046E3C23E1BEC90075EE97 /* Frameworks */,
				40046E3D23E1BEC90075EE97 /* Resources */,
			);
			buildRules = (
			);
			dependencies = (
			);
			name = Weather;
			productName = Weather;
			productReference = 40046E3F23E1BEC90075EE97 /* Weather.app */;
			productType = "com.apple.product-type.application";
		};
/* End PBXNativeTarget section */

/* Begin PBXProject section */
		40046E3723E1BEC90075EE97 /* Project object */ = {
			isa = PBXProject;
			attributes = {
				LastSwiftUpdateCheck = 1010;
				LastUpgradeCheck = 1010;
				ORGANIZATIONNAME = Nuclei;
				TargetAttributes = {
					40046E3E23E1BEC90075EE97 = {
						CreatedOnToolsVersion = 10.1;
					};
				};
			};
			buildConfigurationList = 40046E3A23E1BEC90075EE97 /* Build configuration list for PBXProject "Weather" */;
			compatibilityVersion = "Xcode 9.3";
			developmentRegion = en;
			hasScannedForEncodings = 0;
			knownRegions = (
				en,
				Base,
			);
			mainGroup = 40046E3623E1BEC90075EE97;
			productRefGroup = 40046E4023E1BEC90075EE97 /* Products */;
			projectDirPath = "";
			projectRoot = "";
			targets = (
				40046E3E23E1BEC90075EE97 /* Weather */,
			);
		};
/* End PBXProject section */

/* Begin PBXResourcesBuildPhase section */
		40046E3D23E1BEC90075EE97 /* Resources */ = {
			isa = PBXResourcesBuildPhase;
			buildActionMask = 2147483647;
			files = (
				40046E5023E1BECB0075EE97 /* LaunchScreen.storyboard in Resources */,
				40046E4D23E1BECB0075EE97 /* Assets.xcassets in Resources */,
				40046E4823E1BEC90075EE97 /* Main.storyboard in Resources */,
			);
			runOnlyForDeploymentPostprocessing = 0;
		};
/* End PBXResourcesBuildPhase section */

/* Begin PBXSourcesBuildPhase section */
		40046E3B23E1BEC90075EE97 /* Sources */ = {
			isa = PBXSourcesBuildPhase;
			buildActionMask = 2147483647;
			files = (
				40046E4B23E1BEC90075EE97 /* Weather.xcdatamodeld in Sources */,
				40046E5823E1BEE20075EE97 /* WeatherGetter.swift in Sources */,
				40046E4523E1BEC90075EE97 /* ViewController.swift in Sources */,
				4068125923E2BD9E00AAEC5B /* dataModel.swift in Sources */,
				40046E4323E1BEC90075EE97 /* AppDelegate.swift in Sources */,
			);
			runOnlyForDeploymentPostprocessing = 0;
		};
/* End PBXSourcesBuildPhase section */

/* Begin PBXVariantGroup section */
		40046E4623E1BEC90075EE97 /* Main.storyboard */ = {
			isa = PBXVariantGroup;
			children = (
				40046E4723E1BEC90075EE97 /* Base */,
			);
			name = Main.storyboard;
			sourceTree = "<group>";
		};
		40046E4E23E1BECB0075EE97 /* LaunchScreen.storyboard */ = {
			isa = PBXVariantGroup;
			children = (
				40046E4F23E1BECB0075EE97 /* Base */,
			);
			name = LaunchScreen.storyboard;
			sourceTree = "<group>";
		};
/* End PBXVariantGroup section */

/* Begin XCBuildConfiguration section */
		40046E5223E1BECB0075EE97 /* Debug */ = {
			isa = XCBuildConfiguration;
			buildSettings = {
				ALWAYS_SEARCH_USER_PATHS = NO;
				CLANG_ANALYZER_NONNULL = YES;
				CLANG_ANALYZER_NUMBER_OBJECT_CONVERSION = YES_AGGRESSIVE;
				CLANG_CXX_LANGUAGE_STANDARD = "gnu++14";
				CLANG_CXX_LIBRARY = "libc++";
				CLANG_ENABLE_MODULES = YES;
				CLANG_ENABLE_OBJC_ARC = YES;
				CLANG_ENABLE_OBJC_WEAK = YES;
				CLANG_WARN_BLOCK_CAPTURE_AUTORELEASING = YES;
				CLANG_WARN_BOOL_CONVERSION = YES;
				CLANG_WARN_COMMA = YES;
				CLANG_WARN_CONSTANT_CONVERSION = YES;
				CLANG_WARN_DEPRECATED_OBJC_IMPLEMENTATIONS = YES;
				CLANG_WARN_DIRECT_OBJC_ISA_USAGE = YES_ERROR;
				CLANG_WARN_DOCUMENTATION_COMMENTS = YES;
				CLANG_WARN_EMPTY_BODY = YES;
				CLANG_WARN_ENUM_CONVERSION = YES;
				CLANG_WARN_INFINITE_RECURSION = YES;
				CLANG_WARN_INT_CONVERSION = YES;
				CLANG_WARN_NON_LITERAL_NULL_CONVERSION = YES;
				CLANG_WARN_OBJC_IMPLICIT_RETAIN_SELF = YES;
				CLANG_WARN_OBJC_LITERAL_CONVERSION = YES;
				CLANG_WARN_OBJC_ROOT_CLASS = YES_ERROR;
				CLANG_WARN_RANGE_LOOP_ANALYSIS = YES;
				CLANG_WARN_STRICT_PROTOTYPES = YES;
				CLANG_WARN_SUSPICIOUS_MOVE = YES;
				CLANG_WARN_UNGUARDED_AVAILABILITY = YES_AGGRESSIVE;
				CLANG_WARN_UNREACHABLE_CODE = YES;
				CLANG_WARN__DUPLICATE_METHOD_MATCH = YES;
				CODE_SIGN_IDENTITY = "iPhone Developer";
				COPY_PHASE_STRIP = NO;
				DEBUG_INFORMATION_FORMAT = dwarf;
				ENABLE_STRICT_OBJC_MSGSEND = YES;
				ENABLE_TESTABILITY = YES;
				GCC_C_LANGUAGE_STANDARD = gnu11;
				GCC_DYNAMIC_NO_PIC = NO;
				GCC_NO_COMMON_BLOCKS = YES;
				GCC_OPTIMIZATION_LEVEL = 0;
				GCC_PREPROCESSOR_DEFINITIONS = (
					"DEBUG=1",
					"$(inherited)",
				);
				GCC_WARN_64_TO_32_BIT_CONVERSION = YES;
				GCC_WARN_ABOUT_RETURN_TYPE = YES_ERROR;
				GCC_WARN_UNDECLARED_SELECTOR = YES;
				GCC_WARN_UNINITIALIZED_AUTOS = YES_AGGRESSIVE;
				GCC_WARN_UNUSED_FUNCTION = YES;
				GCC_WARN_UNUSED_VARIABLE = YES;
				IPHONEOS_DEPLOYMENT_TARGET = 12.1;
				MTL_ENABLE_DEBUG_INFO = INCLUDE_SOURCE;
				MTL_FAST_MATH = YES;
				ONLY_ACTIVE_ARCH = YES;
				SDKROOT = iphoneos;
				SWIFT_ACTIVE_COMPILATION_CONDITIONS = DEBUG;
				SWIFT_OPTIMIZATION_LEVEL = "-Onone";
			};
			name = Debug;
		};
		40046E5323E1BECB0075EE97 /* Release */ = {
			isa = XCBuildConfiguration;
			buildSettings = {
				ALWAYS_SEARCH_USER_PATHS = NO;
				CLANG_ANALYZER_NONNULL = YES;
				CLANG_ANALYZER_NUMBER_OBJECT_CONVERSION = YES_AGGRESSIVE;
				CLANG_CXX_LANGUAGE_STANDARD = "gnu++14";
				CLANG_CXX_LIBRARY = "libc++";
				CLANG_ENABLE_MODULES = YES;
				CLANG_ENABLE_OBJC_ARC = YES;
				CLANG_ENABLE_OBJC_WEAK = YES;
				CLANG_WARN_BLOCK_CAPTURE_AUTORELEASING = YES;
				CLANG_WARN_BOOL_CONVERSION = YES;
				CLANG_WARN_COMMA = YES;
				CLANG_WARN_CONSTANT_CONVERSION = YES;
				CLANG_WARN_DEPRECATED_OBJC_IMPLEMENTATIONS = YES;
				CLANG_WARN_DIRECT_OBJC_ISA_USAGE = YES_ERROR;
				CLANG_WARN_DOCUMENTATION_COMMENTS = YES;
				CLANG_WARN_EMPTY_BODY = YES;
				CLANG_WARN_ENUM_CONVERSION = YES;
				CLANG_WARN_INFINITE_RECURSION = YES;
				CLANG_WARN_INT_CONVERSION = YES;
				CLANG_WARN_NON_LITERAL_NULL_CONVERSION = YES;
				CLANG_WARN_OBJC_IMPLICIT_RETAIN_SELF = YES;
				CLANG_WARN_OBJC_LITERAL_CONVERSION = YES;
				CLANG_WARN_OBJC_ROOT_CLASS = YES_ERROR;
				CLANG_WARN_RANGE_LOOP_ANALYSIS = YES;
				CLANG_WARN_STRICT_PROTOTYPES = YES;
				CLANG_WARN_SUSPICIOUS_MOVE = YES;
				CLANG_WARN_UNGUARDED_AVAILABILITY = YES_AGGRESSIVE;
				CLANG_WARN_UNREACHABLE_CODE = YES;
				CLANG_WARN__DUPLICATE_METHOD_MATCH = YES;
				CODE_SIGN_IDENTITY = "iPhone Developer";
				COPY_PHASE_STRIP = NO;
				DEBUG_INFORMATION_FORMAT = "dwarf-with-dsym";
				ENABLE_NS_ASSERTIONS = NO;
				ENABLE_STRICT_OBJC_MSGSEND = YES;
				GCC_C_LANGUAGE_STANDARD = gnu11;
				GCC_NO_COMMON_BLOCKS = YES;
				GCC_WARN_64_TO_32_BIT_CONVERSION = YES;
				GCC_WARN_ABOUT_RETURN_TYPE = YES_ERROR;
				GCC_WARN_UNDECLARED_SELECTOR = YES;
				GCC_WARN_UNINITIALIZED_AUTOS = YES_AGGRESSIVE;
				GCC_WARN_UNUSED_FUNCTION = YES;
				GCC_WARN_UNUSED_VARIABLE = YES;
				IPHONEOS_DEPLOYMENT_TARGET = 12.1;
				MTL_ENABLE_DEBUG_INFO = NO;
				MTL_FAST_MATH = YES;
				SDKROOT = iphoneos;
				SWIFT_COMPILATION_MODE = wholemodule;
				SWIFT_OPTIMIZATION_LEVEL = "-O";
				VALIDATE_PRODUCT = YES;
			};
			name = Release;
		};
		40046E5523E1BECB0075EE97 /* Debug */ = {
			isa = XCBuildConfiguration;
			buildSettings = {
				ASSETCATALOG_COMPILER_APPICON_NAME = AppIcon;
				CODE_SIGN_STYLE = Automatic;
				INFOPLIST_FILE = Weather/Info.plist;
				LD_RUNPATH_SEARCH_PATHS = (
					"$(inherited)",
					"@executable_path/Frameworks",
				);
				PRODUCT_BUNDLE_IDENTIFIER = com.nuclei.Weather;
				PRODUCT_NAME = "$(TARGET_NAME)";
				SWIFT_VERSION = 4.2;
				TARGETED_DEVICE_FAMILY = "1,2";
			};
			name = Debug;
		};
		40046E5623E1BECB0075EE97 /* Release */ = {
			isa = XCBuildConfiguration;
			buildSettings = {
				ASSETCATALOG_COMPILER_APPICON_NAME = AppIcon;
				CODE_SIGN_STYLE = Automatic;
				INFOPLIST_FILE = Weather/Info.plist;
				LD_RUNPATH_SEARCH_PATHS = (
					"$(inherited)",
					"@executable_path/Frameworks",
				);
				PRODUCT_BUNDLE_IDENTIFIER = com.nuclei.Weather;
				PRODUCT_NAME = "$(TARGET_NAME)";
				SWIFT_VERSION = 4.2;
				TARGETED_DEVICE_FAMILY = "1,2";
			};
			name = Release;
		};
/* End XCBuildConfiguration section */

/* Begin XCConfigurationList section */
		40046E3A23E1BEC90075EE97 /* Build configuration list for PBXProject "Weather" */ = {
			isa = XCConfigurationList;
			buildConfigurations = (
				40046E5223E1BECB0075EE97 /* Debug */,
				40046E5323E1BECB0075EE97 /* Release */,
			);
			defaultConfigurationIsVisible = 0;
			defaultConfigurationName = Release;
		};
		40046E5423E1BECB0075EE97 /* Build configuration list for PBXNativeTarget "Weather" */ = {
			isa = XCConfigurationList;
			buildConfigurations = (
				40046E5523E1BECB0075EE97 /* Debug */,
				40046E5623E1BECB0075EE97 /* Release */,
			);
			defaultConfigurationIsVisible = 0;
			defaultConfigurationName = Release;
		};
/* End XCConfigurationList section */

/* Begin XCVersionGroup section */
		40046E4923E1BEC90075EE97 /* Weather.xcdatamodeld */ = {
			isa = XCVersionGroup;
			children = (
				40046E4A23E1BEC90075EE97 /* Weather.xcdatamodel */,
			);
			currentVersion = 40046E4A23E1BEC90075EE97 /* Weather.xcdatamodel */;
			path = Weather.xcdatamodeld;
			sourceTree = "<group>";
			versionGroupType = wrapper.xcdatamodel;
		};
/* End XCVersionGroup section */
	};
	rootObject = 40046E3723E1BEC90075EE97 /* Project object */;
}
