// !$*UTF8*$!
{
	archiveVersion = 1;
	classes = {
	};
	objectVersion = 50;
	objects = {

/* Begin PBXBuildFile section */
		4011259B23E19C9A004C1535 /* AppDelegate.swift in Sources */ = {isa = PBXBuildFile; fileRef = 4011259A23E19C9A004C1535 /* AppDelegate.swift */; };
		4011259D23E19C9A004C1535 /* ViewController.swift in Sources */ = {isa = PBXBuildFile; fileRef = 4011259C23E19C9A004C1535 /* ViewController.swift */; };
		401125A023E19C9A004C1535 /* Main.storyboard in Resources */ = {isa = PBXBuildFile; fileRef = 4011259E23E19C9A004C1535 /* Main.storyboard */; };
		401125A323E19C9A004C1535 /* ProuctsMVVM.xcdatamodeld in Sources */ = {isa = PBXBuildFile; fileRef = 401125A123E19C9A004C1535 /* ProuctsMVVM.xcdatamodeld */; };
		401125A523E19C9B004C1535 /* Assets.xcassets in Resources */ = {isa = PBXBuildFile; fileRef = 401125A423E19C9B004C1535 /* Assets.xcassets */; };
		401125A823E19C9B004C1535 /* LaunchScreen.storyboard in Resources */ = {isa = PBXBuildFile; fileRef = 401125A623E19C9B004C1535 /* LaunchScreen.storyboard */; };
		401125B323E19CE6004C1535 /* ProductViewModel.swift in Sources */ = {isa = PBXBuildFile; fileRef = 401125B223E19CE6004C1535 /* ProductViewModel.swift */; };
		401125B623E19CFD004C1535 /* ProductModel.swift in Sources */ = {isa = PBXBuildFile; fileRef = 401125B523E19CFD004C1535 /* ProductModel.swift */; };
		401125BA23E19FB6004C1535 /* ToastFunction.swift in Sources */ = {isa = PBXBuildFile; fileRef = 401125B923E19FB6004C1535 /* ToastFunction.swift */; };
/* End PBXBuildFile section */

/* Begin PBXFileReference section */
		4011259723E19C9A004C1535 /* ProuctsMVVM.app */ = {isa = PBXFileReference; explicitFileType = wrapper.application; includeInIndex = 0; path = ProuctsMVVM.app; sourceTree = BUILT_PRODUCTS_DIR; };
		4011259A23E19C9A004C1535 /* AppDelegate.swift */ = {isa = PBXFileReference; lastKnownFileType = sourcecode.swift; path = AppDelegate.swift; sourceTree = "<group>"; };
		4011259C23E19C9A004C1535 /* ViewController.swift */ = {isa = PBXFileReference; lastKnownFileType = sourcecode.swift; path = ViewController.swift; sourceTree = "<group>"; };
		4011259F23E19C9A004C1535 /* Base */ = {isa = PBXFileReference; lastKnownFileType = file.storyboard; name = Base; path = Base.lproj/Main.storyboard; sourceTree = "<group>"; };
		401125A223E19C9A004C1535 /* ProuctsMVVM.xcdatamodel */ = {isa = PBXFileReference; lastKnownFileType = wrapper.xcdatamodel; path = ProuctsMVVM.xcdatamodel; sourceTree = "<group>"; };
		401125A423E19C9B004C1535 /* Assets.xcassets */ = {isa = PBXFileReference; lastKnownFileType = folder.assetcatalog; path = Assets.xcassets; sourceTree = "<group>"; };
		401125A723E19C9B004C1535 /* Base */ = {isa = PBXFileReference; lastKnownFileType = file.storyboard; name = Base; path = Base.lproj/LaunchScreen.storyboard; sourceTree = "<group>"; };
		401125A923E19C9B004C1535 /* Info.plist */ = {isa = PBXFileReference; lastKnownFileType = text.plist.xml; path = Info.plist; sourceTree = "<group>"; };
		401125B223E19CE6004C1535 /* ProductViewModel.swift */ = {isa = PBXFileReference; lastKnownFileType = sourcecode.swift; path = ProductViewModel.swift; sourceTree = "<group>"; };
		401125B523E19CFD004C1535 /* ProductModel.swift */ = {isa = PBXFileReference; lastKnownFileType = sourcecode.swift; path = ProductModel.swift; sourceTree = "<group>"; };
		401125B923E19FB6004C1535 /* ToastFunction.swift */ = {isa = PBXFileReference; lastKnownFileType = sourcecode.swift; path = ToastFunction.swift; sourceTree = "<group>"; };
/* End PBXFileReference section */

/* Begin PBXFrameworksBuildPhase section */
		4011259423E19C9A004C1535 /* Frameworks */ = {
			isa = PBXFrameworksBuildPhase;
			buildActionMask = 2147483647;
			files = (
			);
			runOnlyForDeploymentPostprocessing = 0;
		};
/* End PBXFrameworksBuildPhase section */

/* Begin PBXGroup section */
		4011258E23E19C9A004C1535 = {
			isa = PBXGroup;
			children = (
				4011259923E19C9A004C1535 /* ProuctsMVVM */,
				4011259823E19C9A004C1535 /* Products */,
			);
			sourceTree = "<group>";
		};
		4011259823E19C9A004C1535 /* Products */ = {
			isa = PBXGroup;
			children = (
				4011259723E19C9A004C1535 /* ProuctsMVVM.app */,
			);
			name = Products;
			sourceTree = "<group>";
		};
		4011259923E19C9A004C1535 /* ProuctsMVVM */ = {
			isa = PBXGroup;
			children = (
				401125AF23E19CA3004C1535 /* AddProductScreen */,
				4011259A23E19C9A004C1535 /* AppDelegate.swift */,
				4011259E23E19C9A004C1535 /* Main.storyboard */,
				401125A423E19C9B004C1535 /* Assets.xcassets */,
				401125A623E19C9B004C1535 /* LaunchScreen.storyboard */,
				401125A923E19C9B004C1535 /* Info.plist */,
				401125A123E19C9A004C1535 /* ProuctsMVVM.xcdatamodeld */,
				401125B923E19FB6004C1535 /* ToastFunction.swift */,
			);
			path = ProuctsMVVM;
			sourceTree = "<group>";
		};
		401125AF23E19CA3004C1535 /* AddProductScreen */ = {
			isa = PBXGroup;
			children = (
				401125B423E19CEA004C1535 /* Model */,
				401125B123E19CD0004C1535 /* ViewModel */,
				401125B023E19CBA004C1535 /* View */,
			);
			path = AddProductScreen;
			sourceTree = "<group>";
		};
		401125B023E19CBA004C1535 /* View */ = {
			isa = PBXGroup;
			children = (
				4011259C23E19C9A004C1535 /* ViewController.swift */,
			);
			path = View;
			sourceTree = "<group>";
		};
		401125B123E19CD0004C1535 /* ViewModel */ = {
			isa = PBXGroup;
			children = (
				401125B223E19CE6004C1535 /* ProductViewModel.swift */,
			);
			path = ViewModel;
			sourceTree = "<group>";
		};
		401125B423E19CEA004C1535 /* Model */ = {
			isa = PBXGroup;
			children = (
				401125B523E19CFD004C1535 /* ProductModel.swift */,
			);
			path = Model;
			sourceTree = "<group>";
		};
/* End PBXGroup section */

/* Begin PBXNativeTarget section */
		4011259623E19C9A004C1535 /* ProuctsMVVM */ = {
			isa = PBXNativeTarget;
			buildConfigurationList = 401125AC23E19C9B004C1535 /* Build configuration list for PBXNativeTarget "ProuctsMVVM" */;
			buildPhases = (
				4011259323E19C9A004C1535 /* Sources */,
				4011259423E19C9A004C1535 /* Frameworks */,
				4011259523E19C9A004C1535 /* Resources */,
			);
			buildRules = (
			);
			dependencies = (
			);
			name = ProuctsMVVM;
			productName = ProuctsMVVM;
			productReference = 4011259723E19C9A004C1535 /* ProuctsMVVM.app */;
			productType = "com.apple.product-type.application";
		};
/* End PBXNativeTarget section */

/* Begin PBXProject section */
		4011258F23E19C9A004C1535 /* Project object */ = {
			isa = PBXProject;
			attributes = {
				LastSwiftUpdateCheck = 1010;
				LastUpgradeCheck = 1010;
				ORGANIZATIONNAME = Nuclei;
				TargetAttributes = {
					4011259623E19C9A004C1535 = {
						CreatedOnToolsVersion = 10.1;
					};
				};
			};
			buildConfigurationList = 4011259223E19C9A004C1535 /* Build configuration list for PBXProject "ProuctsMVVM" */;
			compatibilityVersion = "Xcode 9.3";
			developmentRegion = en;
			hasScannedForEncodings = 0;
			knownRegions = (
				en,
				Base,
			);
			mainGroup = 4011258E23E19C9A004C1535;
			productRefGroup = 4011259823E19C9A004C1535 /* Products */;
			projectDirPath = "";
			projectRoot = "";
			targets = (
				4011259623E19C9A004C1535 /* ProuctsMVVM */,
			);
		};
/* End PBXProject section */

/* Begin PBXResourcesBuildPhase section */
		4011259523E19C9A004C1535 /* Resources */ = {
			isa = PBXResourcesBuildPhase;
			buildActionMask = 2147483647;
			files = (
				401125A823E19C9B004C1535 /* LaunchScreen.storyboard in Resources */,
				401125A523E19C9B004C1535 /* Assets.xcassets in Resources */,
				401125A023E19C9A004C1535 /* Main.storyboard in Resources */,
			);
			runOnlyForDeploymentPostprocessing = 0;
		};
/* End PBXResourcesBuildPhase section */

/* Begin PBXSourcesBuildPhase section */
		4011259323E19C9A004C1535 /* Sources */ = {
			isa = PBXSourcesBuildPhase;
			buildActionMask = 2147483647;
			files = (
				4011259D23E19C9A004C1535 /* ViewController.swift in Sources */,
				4011259B23E19C9A004C1535 /* AppDelegate.swift in Sources */,
				401125B323E19CE6004C1535 /* ProductViewModel.swift in Sources */,
				401125A323E19C9A004C1535 /* ProuctsMVVM.xcdatamodeld in Sources */,
				401125B623E19CFD004C1535 /* ProductModel.swift in Sources */,
				401125BA23E19FB6004C1535 /* ToastFunction.swift in Sources */,
			);
			runOnlyForDeploymentPostprocessing = 0;
		};
/* End PBXSourcesBuildPhase section */

/* Begin PBXVariantGroup section */
		4011259E23E19C9A004C1535 /* Main.storyboard */ = {
			isa = PBXVariantGroup;
			children = (
				4011259F23E19C9A004C1535 /* Base */,
			);
			name = Main.storyboard;
			sourceTree = "<group>";
		};
		401125A623E19C9B004C1535 /* LaunchScreen.storyboard */ = {
			isa = PBXVariantGroup;
			children = (
				401125A723E19C9B004C1535 /* Base */,
			);
			name = LaunchScreen.storyboard;
			sourceTree = "<group>";
		};
/* End PBXVariantGroup section */

/* Begin XCBuildConfiguration section */
		401125AA23E19C9B004C1535 /* Debug */ = {
			isa = XCBuildConfiguration;
			buildSettings = {
				ALWAYS_SEARCH_USER_PATHS = NO;
				CLANG_ANALYZER_NONNULL = YES;
				CLANG_ANALYZER_NUMBER_OBJECT_CONVERSION = YES_AGGRESSIVE;
				CLANG_CXX_LANGUAGE_STANDARD = "gnu++14";
				CLANG_CXX_LIBRARY = "libc++";
				CLANG_ENABLE_MODULES = YES;
				CLANG_ENABLE_OBJC_ARC = YES;
				CLANG_ENABLE_OBJC_WEAK = YES;
				CLANG_WARN_BLOCK_CAPTURE_AUTORELEASING = YES;
				CLANG_WARN_BOOL_CONVERSION = YES;
				CLANG_WARN_COMMA = YES;
				CLANG_WARN_CONSTANT_CONVERSION = YES;
				CLANG_WARN_DEPRECATED_OBJC_IMPLEMENTATIONS = YES;
				CLANG_WARN_DIRECT_OBJC_ISA_USAGE = YES_ERROR;
				CLANG_WARN_DOCUMENTATION_COMMENTS = YES;
				CLANG_WARN_EMPTY_BODY = YES;
				CLANG_WARN_ENUM_CONVERSION = YES;
				CLANG_WARN_INFINITE_RECURSION = YES;
				CLANG_WARN_INT_CONVERSION = YES;
				CLANG_WARN_NON_LITERAL_NULL_CONVERSION = YES;
				CLANG_WARN_OBJC_IMPLICIT_RETAIN_SELF = YES;
				CLANG_WARN_OBJC_LITERAL_CONVERSION = YES;
				CLANG_WARN_OBJC_ROOT_CLASS = YES_ERROR;
				CLANG_WARN_RANGE_LOOP_ANALYSIS = YES;
				CLANG_WARN_STRICT_PROTOTYPES = YES;
				CLANG_WARN_SUSPICIOUS_MOVE = YES;
				CLANG_WARN_UNGUARDED_AVAILABILITY = YES_AGGRESSIVE;
				CLANG_WARN_UNREACHABLE_CODE = YES;
				CLANG_WARN__DUPLICATE_METHOD_MATCH = YES;
				CODE_SIGN_IDENTITY = "iPhone Developer";
				COPY_PHASE_STRIP = NO;
				DEBUG_INFORMATION_FORMAT = dwarf;
				ENABLE_STRICT_OBJC_MSGSEND = YES;
				ENABLE_TESTABILITY = YES;
				GCC_C_LANGUAGE_STANDARD = gnu11;
				GCC_DYNAMIC_NO_PIC = NO;
				GCC_NO_COMMON_BLOCKS = YES;
				GCC_OPTIMIZATION_LEVEL = 0;
				GCC_PREPROCESSOR_DEFINITIONS = (
					"DEBUG=1",
					"$(inherited)",
				);
				GCC_WARN_64_TO_32_BIT_CONVERSION = YES;
				GCC_WARN_ABOUT_RETURN_TYPE = YES_ERROR;
				GCC_WARN_UNDECLARED_SELECTOR = YES;
				GCC_WARN_UNINITIALIZED_AUTOS = YES_AGGRESSIVE;
				GCC_WARN_UNUSED_FUNCTION = YES;
				GCC_WARN_UNUSED_VARIABLE = YES;
				IPHONEOS_DEPLOYMENT_TARGET = 12.1;
				MTL_ENABLE_DEBUG_INFO = INCLUDE_SOURCE;
				MTL_FAST_MATH = YES;
				ONLY_ACTIVE_ARCH = YES;
				SDKROOT = iphoneos;
				SWIFT_ACTIVE_COMPILATION_CONDITIONS = DEBUG;
				SWIFT_OPTIMIZATION_LEVEL = "-Onone";
			};
			name = Debug;
		};
		401125AB23E19C9B004C1535 /* Release */ = {
			isa = XCBuildConfiguration;
			buildSettings = {
				ALWAYS_SEARCH_USER_PATHS = NO;
				CLANG_ANALYZER_NONNULL = YES;
				CLANG_ANALYZER_NUMBER_OBJECT_CONVERSION = YES_AGGRESSIVE;
				CLANG_CXX_LANGUAGE_STANDARD = "gnu++14";
				CLANG_CXX_LIBRARY = "libc++";
				CLANG_ENABLE_MODULES = YES;
				CLANG_ENABLE_OBJC_ARC = YES;
				CLANG_ENABLE_OBJC_WEAK = YES;
				CLANG_WARN_BLOCK_CAPTURE_AUTORELEASING = YES;
				CLANG_WARN_BOOL_CONVERSION = YES;
				CLANG_WARN_COMMA = YES;
				CLANG_WARN_CONSTANT_CONVERSION = YES;
				CLANG_WARN_DEPRECATED_OBJC_IMPLEMENTATIONS = YES;
				CLANG_WARN_DIRECT_OBJC_ISA_USAGE = YES_ERROR;
				CLANG_WARN_DOCUMENTATION_COMMENTS = YES;
				CLANG_WARN_EMPTY_BODY = YES;
				CLANG_WARN_ENUM_CONVERSION = YES;
				CLANG_WARN_INFINITE_RECURSION = YES;
				CLANG_WARN_INT_CONVERSION = YES;
				CLANG_WARN_NON_LITERAL_NULL_CONVERSION = YES;
				CLANG_WARN_OBJC_IMPLICIT_RETAIN_SELF = YES;
				CLANG_WARN_OBJC_LITERAL_CONVERSION = YES;
				CLANG_WARN_OBJC_ROOT_CLASS = YES_ERROR;
				CLANG_WARN_RANGE_LOOP_ANALYSIS = YES;
				CLANG_WARN_STRICT_PROTOTYPES = YES;
				CLANG_WARN_SUSPICIOUS_MOVE = YES;
				CLANG_WARN_UNGUARDED_AVAILABILITY = YES_AGGRESSIVE;
				CLANG_WARN_UNREACHABLE_CODE = YES;
				CLANG_WARN__DUPLICATE_METHOD_MATCH = YES;
				CODE_SIGN_IDENTITY = "iPhone Developer";
				COPY_PHASE_STRIP = NO;
				DEBUG_INFORMATION_FORMAT = "dwarf-with-dsym";
				ENABLE_NS_ASSERTIONS = NO;
				ENABLE_STRICT_OBJC_MSGSEND = YES;
				GCC_C_LANGUAGE_STANDARD = gnu11;
				GCC_NO_COMMON_BLOCKS = YES;
				GCC_WARN_64_TO_32_BIT_CONVERSION = YES;
				GCC_WARN_ABOUT_RETURN_TYPE = YES_ERROR;
				GCC_WARN_UNDECLARED_SELECTOR = YES;
				GCC_WARN_UNINITIALIZED_AUTOS = YES_AGGRESSIVE;
				GCC_WARN_UNUSED_FUNCTION = YES;
				GCC_WARN_UNUSED_VARIABLE = YES;
				IPHONEOS_DEPLOYMENT_TARGET = 12.1;
				MTL_ENABLE_DEBUG_INFO = NO;
				MTL_FAST_MATH = YES;
				SDKROOT = iphoneos;
				SWIFT_COMPILATION_MODE = wholemodule;
				SWIFT_OPTIMIZATION_LEVEL = "-O";
				VALIDATE_PRODUCT = YES;
			};
			name = Release;
		};
		401125AD23E19C9B004C1535 /* Debug */ = {
			isa = XCBuildConfiguration;
			buildSettings = {
				ASSETCATALOG_COMPILER_APPICON_NAME = AppIcon;
				CODE_SIGN_STYLE = Automatic;
				INFOPLIST_FILE = ProuctsMVVM/Info.plist;
				LD_RUNPATH_SEARCH_PATHS = (
					"$(inherited)",
					"@executable_path/Frameworks",
				);
				PRODUCT_BUNDLE_IDENTIFIER = com.nuclei.ProuctsMVVM;
				PRODUCT_NAME = "$(TARGET_NAME)";
				SWIFT_VERSION = 4.2;
				TARGETED_DEVICE_FAMILY = "1,2";
			};
			name = Debug;
		};
		401125AE23E19C9B004C1535 /* Release */ = {
			isa = XCBuildConfiguration;
			buildSettings = {
				ASSETCATALOG_COMPILER_APPICON_NAME = AppIcon;
				CODE_SIGN_STYLE = Automatic;
				INFOPLIST_FILE = ProuctsMVVM/Info.plist;
				LD_RUNPATH_SEARCH_PATHS = (
					"$(inherited)",
					"@executable_path/Frameworks",
				);
				PRODUCT_BUNDLE_IDENTIFIER = com.nuclei.ProuctsMVVM;
				PRODUCT_NAME = "$(TARGET_NAME)";
				SWIFT_VERSION = 4.2;
				TARGETED_DEVICE_FAMILY = "1,2";
			};
			name = Release;
		};
/* End XCBuildConfiguration section */

/* Begin XCConfigurationList section */
		4011259223E19C9A004C1535 /* Build configuration list for PBXProject "ProuctsMVVM" */ = {
			isa = XCConfigurationList;
			buildConfigurations = (
				401125AA23E19C9B004C1535 /* Debug */,
				401125AB23E19C9B004C1535 /* Release */,
			);
			defaultConfigurationIsVisible = 0;
			defaultConfigurationName = Release;
		};
		401125AC23E19C9B004C1535 /* Build configuration list for PBXNativeTarget "ProuctsMVVM" */ = {
			isa = XCConfigurationList;
			buildConfigurations = (
				401125AD23E19C9B004C1535 /* Debug */,
				401125AE23E19C9B004C1535 /* Release */,
			);
			defaultConfigurationIsVisible = 0;
			defaultConfigurationName = Release;
		};
/* End XCConfigurationList section */

/* Begin XCVersionGroup section */
		401125A123E19C9A004C1535 /* ProuctsMVVM.xcdatamodeld */ = {
			isa = XCVersionGroup;
			children = (
				401125A223E19C9A004C1535 /* ProuctsMVVM.xcdatamodel */,
			);
			currentVersion = 401125A223E19C9A004C1535 /* ProuctsMVVM.xcdatamodel */;
			path = ProuctsMVVM.xcdatamodeld;
			sourceTree = "<group>";
			versionGroupType = wrapper.xcdatamodel;
		};
/* End XCVersionGroup section */
	};
	rootObject = 4011258F23E19C9A004C1535 /* Project object */;
}
